
Microsoft Visual Studio Solution File, Format Version 12.00
# Visual Studio Version 17
VisualStudioVersion = 17.10.35122.118
MinimumVisualStudioVersion = 10.0.40219.1
Project("{FAE04EC0-301F-11D3-BF4B-00C04F79EFBC}") = "Lektion9", "Lektion9\Lektion9.csproj", "{A070E0CE-8E7C-42ED-9806-4C3C152417BC}"
EndProject
Global
	GlobalSection(SolutionConfigurationPlatforms) = preSolution
		Debug|Any CPU = Debug|Any CPU
		Release|Any CPU = Release|Any CPU
	EndGlobalSection
	GlobalSection(ProjectConfigurationPlatforms) = postSolution
		{A070E0CE-8E7C-42ED-9806-4C3C152417BC}.Debug|Any CPU.ActiveCfg = Debug|Any CPU
		{A070E0CE-8E7C-42ED-9806-4C3C152417BC}.Debug|Any CPU.Build.0 = Debug|Any CPU
		{A070E0CE-8E7C-42ED-9806-4C3C152417BC}.Release|Any CPU.ActiveCfg = Release|Any CPU
		{A070E0CE-8E7C-42ED-9806-4C3C152417BC}.Release|Any CPU.Build.0 = Release|Any CPU
	EndGlobalSection
	GlobalSection(SolutionProperties) = preSolution
		HideSolutionNode = FALSE
	EndGlobalSection
	GlobalSection(ExtensibilityGlobals) = postSolution
		SolutionGuid = {2CC6F0B3-18C7-4464-AC5C-F7FE6391ADF8}
	EndGlobalSection
EndGlobal
