
Microsoft Visual Studio Solution File, Format Version 12.00
# Visual Studio Version 17
VisualStudioVersion = 17.10.35122.118
MinimumVisualStudioVersion = 10.0.40219.1
Project("{FAE04EC0-301F-11D3-BF4B-00C04F79EFBC}") = "MVC2024-10", "MVC2024-10\MVC2024-10.csproj", "{F8BCFB31-2D8C-4653-9DF0-DFABA8DF0EDC}"
EndProject
Global
	GlobalSection(SolutionConfigurationPlatforms) = preSolution
		Debug|Any CPU = Debug|Any CPU
		Release|Any CPU = Release|Any CPU
	EndGlobalSection
	GlobalSection(ProjectConfigurationPlatforms) = postSolution
		{F8BCFB31-2D8C-4653-9DF0-DFABA8DF0EDC}.Debug|Any CPU.ActiveCfg = Debug|Any CPU
		{F8BCFB31-2D8C-4653-9DF0-DFABA8DF0EDC}.Debug|Any CPU.Build.0 = Debug|Any CPU
		{F8BCFB31-2D8C-4653-9DF0-DFABA8DF0EDC}.Release|Any CPU.ActiveCfg = Release|Any CPU
		{F8BCFB31-2D8C-4653-9DF0-DFABA8DF0EDC}.Release|Any CPU.Build.0 = Release|Any CPU
	EndGlobalSection
	GlobalSection(SolutionProperties) = preSolution
		HideSolutionNode = FALSE
	EndGlobalSection
	GlobalSection(ExtensibilityGlobals) = postSolution
		SolutionGuid = {A2534823-AB1D-41C5-AC7F-E06348D1BA8C}
	EndGlobalSection
EndGlobal
