
Microsoft Visual Studio Solution File, Format Version 12.00
# Visual Studio Version 17
VisualStudioVersion = 17.10.35122.118
MinimumVisualStudioVersion = 10.0.40219.1
Project("{FAE04EC0-301F-11D3-BF4B-00C04F79EFBC}") = "Lektion10", "Lektion10\Lektion10.csproj", "{074E755D-96F3-440E-9FF8-8DF723D51919}"
EndProject
Global
	GlobalSection(SolutionConfigurationPlatforms) = preSolution
		Debug|Any CPU = Debug|Any CPU
		Release|Any CPU = Release|Any CPU
	EndGlobalSection
	GlobalSection(ProjectConfigurationPlatforms) = postSolution
		{074E755D-96F3-440E-9FF8-8DF723D51919}.Debug|Any CPU.ActiveCfg = Debug|Any CPU
		{074E755D-96F3-440E-9FF8-8DF723D51919}.Debug|Any CPU.Build.0 = Debug|Any CPU
		{074E755D-96F3-440E-9FF8-8DF723D51919}.Release|Any CPU.ActiveCfg = Release|Any CPU
		{074E755D-96F3-440E-9FF8-8DF723D51919}.Release|Any CPU.Build.0 = Release|Any CPU
	EndGlobalSection
	GlobalSection(SolutionProperties) = preSolution
		HideSolutionNode = FALSE
	EndGlobalSection
	GlobalSection(ExtensibilityGlobals) = postSolution
		SolutionGuid = {E810E7FE-7130-4804-BB77-B1A74190E2FF}
	EndGlobalSection
EndGlobal
